
Microsoft Visual Studio Solution File, Format Version 12.00
# Visual Studio Version 17
VisualStudioVersion = 17.4.33205.214
MinimumVisualStudioVersion = 10.0.40219.1
Project("{FAE04EC0-301F-11D3-BF4B-00C04F79EFBC}") = "RecapProject1", "RecapProject1\RecapProject1.csproj", "{DFB077FD-F106-4363-BEBF-866DC5B1E5B8}"
EndProject
Global
	GlobalSection(SolutionConfigurationPlatforms) = preSolution
		Debug|Any CPU = Debug|Any CPU
		Release|Any CPU = Release|Any CPU
	EndGlobalSection
	GlobalSection(ProjectConfigurationPlatforms) = postSolution
		{DFB077FD-F106-4363-BEBF-866DC5B1E5B8}.Debug|Any CPU.ActiveCfg = Debug|Any CPU
		{DFB077FD-F106-4363-BEBF-866DC5B1E5B8}.Debug|Any CPU.Build.0 = Debug|Any CPU
		{DFB077FD-F106-4363-BEBF-866DC5B1E5B8}.Release|Any CPU.ActiveCfg = Release|Any CPU
		{DFB077FD-F106-4363-BEBF-866DC5B1E5B8}.Release|Any CPU.Build.0 = Release|Any CPU
	EndGlobalSection
	GlobalSection(SolutionProperties) = preSolution
		HideSolutionNode = FALSE
	EndGlobalSection
	GlobalSection(ExtensibilityGlobals) = postSolution
		SolutionGuid = {D1E85786-0D4E-4442-92B0-43E1A6C7494A}
	EndGlobalSection
EndGlobal
