
Microsoft Visual Studio Solution File, Format Version 12.00
# Visual Studio Version 17
VisualStudioVersion = 17.5.33502.453
MinimumVisualStudioVersion = 10.0.40219.1
Project("{FAE04EC0-301F-11D3-BF4B-00C04F79EFBC}") = "WorkingWithMethods", "WorkingWithMethods\WorkingWithMethods.csproj", "{A21AC7D2-9D94-484E-ACE2-DC27B12FBC83}"
EndProject
Project("{FAE04EC0-301F-11D3-BF4B-00C04F79EFBC}") = "DataAccess", "DataAccess\DataAccess.csproj", "{8E133928-EC28-451D-BD92-654482517E80}"
EndProject
Project("{FAE04EC0-301F-11D3-BF4B-00C04F79EFBC}") = "Entity", "Entity\Entity.csproj", "{04710D04-0BD0-4736-B1EC-72E897BC0423}"
EndProject
Project("{FAE04EC0-301F-11D3-BF4B-00C04F79EFBC}") = "Business", "Business\Business.csproj", "{D8E435F9-BD35-4B97-AFA5-A57166E911E0}"
EndProject
Global
	GlobalSection(SolutionConfigurationPlatforms) = preSolution
		Debug|Any CPU = Debug|Any CPU
		Release|Any CPU = Release|Any CPU
	EndGlobalSection
	GlobalSection(ProjectConfigurationPlatforms) = postSolution
		{A21AC7D2-9D94-484E-ACE2-DC27B12FBC83}.Debug|Any CPU.ActiveCfg = Debug|Any CPU
		{A21AC7D2-9D94-484E-ACE2-DC27B12FBC83}.Debug|Any CPU.Build.0 = Debug|Any CPU
		{A21AC7D2-9D94-484E-ACE2-DC27B12FBC83}.Release|Any CPU.ActiveCfg = Release|Any CPU
		{A21AC7D2-9D94-484E-ACE2-DC27B12FBC83}.Release|Any CPU.Build.0 = Release|Any CPU
		{8E133928-EC28-451D-BD92-654482517E80}.Debug|Any CPU.ActiveCfg = Debug|Any CPU
		{8E133928-EC28-451D-BD92-654482517E80}.Debug|Any CPU.Build.0 = Debug|Any CPU
		{8E133928-EC28-451D-BD92-654482517E80}.Release|Any CPU.ActiveCfg = Release|Any CPU
		{8E133928-EC28-451D-BD92-654482517E80}.Release|Any CPU.Build.0 = Release|Any CPU
		{04710D04-0BD0-4736-B1EC-72E897BC0423}.Debug|Any CPU.ActiveCfg = Debug|Any CPU
		{04710D04-0BD0-4736-B1EC-72E897BC0423}.Debug|Any CPU.Build.0 = Debug|Any CPU
		{04710D04-0BD0-4736-B1EC-72E897BC0423}.Release|Any CPU.ActiveCfg = Release|Any CPU
		{04710D04-0BD0-4736-B1EC-72E897BC0423}.Release|Any CPU.Build.0 = Release|Any CPU
		{D8E435F9-BD35-4B97-AFA5-A57166E911E0}.Debug|Any CPU.ActiveCfg = Debug|Any CPU
		{D8E435F9-BD35-4B97-AFA5-A57166E911E0}.Debug|Any CPU.Build.0 = Debug|Any CPU
		{D8E435F9-BD35-4B97-AFA5-A57166E911E0}.Release|Any CPU.ActiveCfg = Release|Any CPU
		{D8E435F9-BD35-4B97-AFA5-A57166E911E0}.Release|Any CPU.Build.0 = Release|Any CPU
	EndGlobalSection
	GlobalSection(SolutionProperties) = preSolution
		HideSolutionNode = FALSE
	EndGlobalSection
	GlobalSection(ExtensibilityGlobals) = postSolution
		SolutionGuid = {72EE0B4D-3009-4D17-B506-EA1A0882444D}
	EndGlobalSection
EndGlobal
