
Microsoft Visual Studio Solution File, Format Version 12.00
# Visual Studio Version 17
VisualStudioVersion = 17.4.33205.214
MinimumVisualStudioVersion = 10.0.40219.1
Project("{FAE04EC0-301F-11D3-BF4B-00C04F79EFBC}") = "Northwind.Entites", "Northwind.Entites\Northwind.Entites.csproj", "{C2154539-796E-47B4-A39D-F5FFD6FAD681}"
EndProject
Project("{FAE04EC0-301F-11D3-BF4B-00C04F79EFBC}") = "Northwind.DataAccess", "Northwind.DataAccess\Northwind.DataAccess.csproj", "{27226461-86FD-4DAF-9B3C-6E3007A4CEC9}"
EndProject
Project("{FAE04EC0-301F-11D3-BF4B-00C04F79EFBC}") = "Northwind.Business", "Northwind.Business\Northwind.Business.csproj", "{EFE496D1-CC29-43C7-9232-F431F7ED5C6E}"
EndProject
Project("{FAE04EC0-301F-11D3-BF4B-00C04F79EFBC}") = "Northwind.WebFormsUI", "Northwind.WebFormsUI\Northwind.WebFormsUI.csproj", "{C8403221-33C7-4866-A6FD-7EC454CBD5A9}"
EndProject
Global
	GlobalSection(SolutionConfigurationPlatforms) = preSolution
		Debug|Any CPU = Debug|Any CPU
		Release|Any CPU = Release|Any CPU
	EndGlobalSection
	GlobalSection(ProjectConfigurationPlatforms) = postSolution
		{C2154539-796E-47B4-A39D-F5FFD6FAD681}.Debug|Any CPU.ActiveCfg = Debug|Any CPU
		{C2154539-796E-47B4-A39D-F5FFD6FAD681}.Debug|Any CPU.Build.0 = Debug|Any CPU
		{C2154539-796E-47B4-A39D-F5FFD6FAD681}.Release|Any CPU.ActiveCfg = Release|Any CPU
		{C2154539-796E-47B4-A39D-F5FFD6FAD681}.Release|Any CPU.Build.0 = Release|Any CPU
		{27226461-86FD-4DAF-9B3C-6E3007A4CEC9}.Debug|Any CPU.ActiveCfg = Debug|Any CPU
		{27226461-86FD-4DAF-9B3C-6E3007A4CEC9}.Debug|Any CPU.Build.0 = Debug|Any CPU
		{27226461-86FD-4DAF-9B3C-6E3007A4CEC9}.Release|Any CPU.ActiveCfg = Release|Any CPU
		{27226461-86FD-4DAF-9B3C-6E3007A4CEC9}.Release|Any CPU.Build.0 = Release|Any CPU
		{EFE496D1-CC29-43C7-9232-F431F7ED5C6E}.Debug|Any CPU.ActiveCfg = Debug|Any CPU
		{EFE496D1-CC29-43C7-9232-F431F7ED5C6E}.Debug|Any CPU.Build.0 = Debug|Any CPU
		{EFE496D1-CC29-43C7-9232-F431F7ED5C6E}.Release|Any CPU.ActiveCfg = Release|Any CPU
		{EFE496D1-CC29-43C7-9232-F431F7ED5C6E}.Release|Any CPU.Build.0 = Release|Any CPU
		{C8403221-33C7-4866-A6FD-7EC454CBD5A9}.Debug|Any CPU.ActiveCfg = Debug|Any CPU
		{C8403221-33C7-4866-A6FD-7EC454CBD5A9}.Debug|Any CPU.Build.0 = Debug|Any CPU
		{C8403221-33C7-4866-A6FD-7EC454CBD5A9}.Release|Any CPU.ActiveCfg = Release|Any CPU
		{C8403221-33C7-4866-A6FD-7EC454CBD5A9}.Release|Any CPU.Build.0 = Release|Any CPU
	EndGlobalSection
	GlobalSection(SolutionProperties) = preSolution
		HideSolutionNode = FALSE
	EndGlobalSection
	GlobalSection(ExtensibilityGlobals) = postSolution
		SolutionGuid = {1F3BEEDC-6D01-42DE-BE9A-CD3A61FAA486}
	EndGlobalSection
EndGlobal
