
Microsoft Visual Studio Solution File, Format Version 12.00
# Visual Studio Version 17
VisualStudioVersion = 17.3.32922.545
MinimumVisualStudioVersion = 10.0.40219.1
Project("{FAE04EC0-301F-11D3-BF4B-00C04F79EFBC}") = "TypesAndVariables", "TypesAndVariables\TypesAndVariables.csproj", "{929728CB-3EFC-44A8-BFC0-D90FD6A6EE33}"
EndProject
Project("{FAE04EC0-301F-11D3-BF4B-00C04F79EFBC}") = "Conditionals", "Conditionals\Conditionals.csproj", "{7D94258F-20B2-48E5-A085-39FC64018322}"
EndProject
Project("{FAE04EC0-301F-11D3-BF4B-00C04F79EFBC}") = "Methods", "Methods\Methods.csproj", "{BDDA8ECB-917C-410B-A0FC-7304A50416CB}"
EndProject
Project("{FAE04EC0-301F-11D3-BF4B-00C04F79EFBC}") = "Arrays", "Arrays\Arrays.csproj", "{2EAA867A-270E-40DC-8C3A-D6B69D6EAF0C}"
EndProject
Project("{FAE04EC0-301F-11D3-BF4B-00C04F79EFBC}") = "Loops", "Loops\Loops.csproj", "{1EFC70BF-F637-4F45-95C0-B9BDF6BEFAD8}"
EndProject
Project("{FAE04EC0-301F-11D3-BF4B-00C04F79EFBC}") = "Strings", "Strings\Strings.csproj", "{C3959E7A-3FA2-411A-A590-682B038874E7}"
EndProject
Project("{FAE04EC0-301F-11D3-BF4B-00C04F79EFBC}") = "Classes", "Classes\Classes.csproj", "{A99A4773-409B-4590-9809-554D230BC008}"
EndProject
Project("{FAE04EC0-301F-11D3-BF4B-00C04F79EFBC}") = "RecapDemo1", "RecapDemo1\RecapDemo1.csproj", "{9F1E9258-5AEE-4453-AC17-1E6BB2297BEC}"
EndProject
Project("{FAE04EC0-301F-11D3-BF4B-00C04F79EFBC}") = "Interfaces", "Interfaces\Interfaces.csproj", "{08FE1A2E-4C29-4A7F-BDDF-736610416D92}"
EndProject
Project("{FAE04EC0-301F-11D3-BF4B-00C04F79EFBC}") = "InterfacesDemo", "InterfacesDemo\InterfacesDemo.csproj", "{CCDDD6AF-87DF-44A3-8607-49F347202280}"
EndProject
Project("{FAE04EC0-301F-11D3-BF4B-00C04F79EFBC}") = "Inheritance", "Inheritance\Inheritance.csproj", "{5AA048ED-73A1-4BE7-AE45-58E8EEFCCE3D}"
EndProject
Project("{FAE04EC0-301F-11D3-BF4B-00C04F79EFBC}") = "VirtualMethods", "VirtualMethods\VirtualMethods.csproj", "{07C71700-B202-4A63-80FE-CD80E042183F}"
EndProject
Project("{FAE04EC0-301F-11D3-BF4B-00C04F79EFBC}") = "AbstractClasses", "AbstractClasses\AbstractClasses.csproj", "{632FD202-5A44-4ABF-81AA-0EB485707785}"
EndProject
Project("{FAE04EC0-301F-11D3-BF4B-00C04F79EFBC}") = "RecapDemo2", "RecapDemo2\RecapDemo2.csproj", "{7C615F1A-32A0-4E2F-B12D-76AFCD314DDB}"
EndProject
Project("{FAE04EC0-301F-11D3-BF4B-00C04F79EFBC}") = "AccessModifiers", "AccessModifiers\AccessModifiers.csproj", "{08CE76A0-1DA9-4781-A1E8-460E8292DE81}"
EndProject
Project("{FAE04EC0-301F-11D3-BF4B-00C04F79EFBC}") = "Constructors", "Constructors\Constructors.csproj", "{44D833F8-5A71-4E3C-8CCD-0C78A813A424}"
EndProject
Project("{FAE04EC0-301F-11D3-BF4B-00C04F79EFBC}") = "ReferenceAndValueType", "ReferenceAndValueType\ReferenceAndValueType.csproj", "{87432534-18B3-4A73-AE1B-F712050BAA0B}"
EndProject
Project("{FAE04EC0-301F-11D3-BF4B-00C04F79EFBC}") = "Collections", "Collections\Collections.csproj", "{D47A1299-04A3-43F4-848C-649E791DA489}"
EndProject
Project("{FAE04EC0-301F-11D3-BF4B-00C04F79EFBC}") = "Exceptions", "Exceptions\Exceptions.csproj", "{C3F1B6BF-683D-4612-85E0-55B9F787E19E}"
EndProject
Project("{FAE04EC0-301F-11D3-BF4B-00C04F79EFBC}") = "AdoNetDemo", "AdoNetDemo\AdoNetDemo.csproj", "{4822DB2D-6946-4A96-8A04-8DE43128E5D5}"
EndProject
Project("{FAE04EC0-301F-11D3-BF4B-00C04F79EFBC}") = "EntityFrameworkDemo", "EntityFrameworkDemo\EntityFrameworkDemo.csproj", "{50395D21-E2CE-42B3-A63A-572A51657FEE}"
EndProject
Global
	GlobalSection(SolutionConfigurationPlatforms) = preSolution
		Debug|Any CPU = Debug|Any CPU
		Release|Any CPU = Release|Any CPU
	EndGlobalSection
	GlobalSection(ProjectConfigurationPlatforms) = postSolution
		{929728CB-3EFC-44A8-BFC0-D90FD6A6EE33}.Debug|Any CPU.ActiveCfg = Debug|Any CPU
		{929728CB-3EFC-44A8-BFC0-D90FD6A6EE33}.Debug|Any CPU.Build.0 = Debug|Any CPU
		{929728CB-3EFC-44A8-BFC0-D90FD6A6EE33}.Release|Any CPU.ActiveCfg = Release|Any CPU
		{929728CB-3EFC-44A8-BFC0-D90FD6A6EE33}.Release|Any CPU.Build.0 = Release|Any CPU
		{7D94258F-20B2-48E5-A085-39FC64018322}.Debug|Any CPU.ActiveCfg = Debug|Any CPU
		{7D94258F-20B2-48E5-A085-39FC64018322}.Debug|Any CPU.Build.0 = Debug|Any CPU
		{7D94258F-20B2-48E5-A085-39FC64018322}.Release|Any CPU.ActiveCfg = Release|Any CPU
		{7D94258F-20B2-48E5-A085-39FC64018322}.Release|Any CPU.Build.0 = Release|Any CPU
		{BDDA8ECB-917C-410B-A0FC-7304A50416CB}.Debug|Any CPU.ActiveCfg = Debug|Any CPU
		{BDDA8ECB-917C-410B-A0FC-7304A50416CB}.Debug|Any CPU.Build.0 = Debug|Any CPU
		{BDDA8ECB-917C-410B-A0FC-7304A50416CB}.Release|Any CPU.ActiveCfg = Release|Any CPU
		{BDDA8ECB-917C-410B-A0FC-7304A50416CB}.Release|Any CPU.Build.0 = Release|Any CPU
		{2EAA867A-270E-40DC-8C3A-D6B69D6EAF0C}.Debug|Any CPU.ActiveCfg = Debug|Any CPU
		{2EAA867A-270E-40DC-8C3A-D6B69D6EAF0C}.Debug|Any CPU.Build.0 = Debug|Any CPU
		{2EAA867A-270E-40DC-8C3A-D6B69D6EAF0C}.Release|Any CPU.ActiveCfg = Release|Any CPU
		{2EAA867A-270E-40DC-8C3A-D6B69D6EAF0C}.Release|Any CPU.Build.0 = Release|Any CPU
		{1EFC70BF-F637-4F45-95C0-B9BDF6BEFAD8}.Debug|Any CPU.ActiveCfg = Debug|Any CPU
		{1EFC70BF-F637-4F45-95C0-B9BDF6BEFAD8}.Debug|Any CPU.Build.0 = Debug|Any CPU
		{1EFC70BF-F637-4F45-95C0-B9BDF6BEFAD8}.Release|Any CPU.ActiveCfg = Release|Any CPU
		{1EFC70BF-F637-4F45-95C0-B9BDF6BEFAD8}.Release|Any CPU.Build.0 = Release|Any CPU
		{C3959E7A-3FA2-411A-A590-682B038874E7}.Debug|Any CPU.ActiveCfg = Debug|Any CPU
		{C3959E7A-3FA2-411A-A590-682B038874E7}.Debug|Any CPU.Build.0 = Debug|Any CPU
		{C3959E7A-3FA2-411A-A590-682B038874E7}.Release|Any CPU.ActiveCfg = Release|Any CPU
		{C3959E7A-3FA2-411A-A590-682B038874E7}.Release|Any CPU.Build.0 = Release|Any CPU
		{A99A4773-409B-4590-9809-554D230BC008}.Debug|Any CPU.ActiveCfg = Debug|Any CPU
		{A99A4773-409B-4590-9809-554D230BC008}.Debug|Any CPU.Build.0 = Debug|Any CPU
		{A99A4773-409B-4590-9809-554D230BC008}.Release|Any CPU.ActiveCfg = Release|Any CPU
		{A99A4773-409B-4590-9809-554D230BC008}.Release|Any CPU.Build.0 = Release|Any CPU
		{9F1E9258-5AEE-4453-AC17-1E6BB2297BEC}.Debug|Any CPU.ActiveCfg = Debug|Any CPU
		{9F1E9258-5AEE-4453-AC17-1E6BB2297BEC}.Debug|Any CPU.Build.0 = Debug|Any CPU
		{9F1E9258-5AEE-4453-AC17-1E6BB2297BEC}.Release|Any CPU.ActiveCfg = Release|Any CPU
		{9F1E9258-5AEE-4453-AC17-1E6BB2297BEC}.Release|Any CPU.Build.0 = Release|Any CPU
		{08FE1A2E-4C29-4A7F-BDDF-736610416D92}.Debug|Any CPU.ActiveCfg = Debug|Any CPU
		{08FE1A2E-4C29-4A7F-BDDF-736610416D92}.Debug|Any CPU.Build.0 = Debug|Any CPU
		{08FE1A2E-4C29-4A7F-BDDF-736610416D92}.Release|Any CPU.ActiveCfg = Release|Any CPU
		{08FE1A2E-4C29-4A7F-BDDF-736610416D92}.Release|Any CPU.Build.0 = Release|Any CPU
		{CCDDD6AF-87DF-44A3-8607-49F347202280}.Debug|Any CPU.ActiveCfg = Debug|Any CPU
		{CCDDD6AF-87DF-44A3-8607-49F347202280}.Debug|Any CPU.Build.0 = Debug|Any CPU
		{CCDDD6AF-87DF-44A3-8607-49F347202280}.Release|Any CPU.ActiveCfg = Release|Any CPU
		{CCDDD6AF-87DF-44A3-8607-49F347202280}.Release|Any CPU.Build.0 = Release|Any CPU
		{5AA048ED-73A1-4BE7-AE45-58E8EEFCCE3D}.Debug|Any CPU.ActiveCfg = Debug|Any CPU
		{5AA048ED-73A1-4BE7-AE45-58E8EEFCCE3D}.Debug|Any CPU.Build.0 = Debug|Any CPU
		{5AA048ED-73A1-4BE7-AE45-58E8EEFCCE3D}.Release|Any CPU.ActiveCfg = Release|Any CPU
		{5AA048ED-73A1-4BE7-AE45-58E8EEFCCE3D}.Release|Any CPU.Build.0 = Release|Any CPU
		{07C71700-B202-4A63-80FE-CD80E042183F}.Debug|Any CPU.ActiveCfg = Debug|Any CPU
		{07C71700-B202-4A63-80FE-CD80E042183F}.Debug|Any CPU.Build.0 = Debug|Any CPU
		{07C71700-B202-4A63-80FE-CD80E042183F}.Release|Any CPU.ActiveCfg = Release|Any CPU
		{07C71700-B202-4A63-80FE-CD80E042183F}.Release|Any CPU.Build.0 = Release|Any CPU
		{632FD202-5A44-4ABF-81AA-0EB485707785}.Debug|Any CPU.ActiveCfg = Debug|Any CPU
		{632FD202-5A44-4ABF-81AA-0EB485707785}.Debug|Any CPU.Build.0 = Debug|Any CPU
		{632FD202-5A44-4ABF-81AA-0EB485707785}.Release|Any CPU.ActiveCfg = Release|Any CPU
		{632FD202-5A44-4ABF-81AA-0EB485707785}.Release|Any CPU.Build.0 = Release|Any CPU
		{7C615F1A-32A0-4E2F-B12D-76AFCD314DDB}.Debug|Any CPU.ActiveCfg = Debug|Any CPU
		{7C615F1A-32A0-4E2F-B12D-76AFCD314DDB}.Debug|Any CPU.Build.0 = Debug|Any CPU
		{7C615F1A-32A0-4E2F-B12D-76AFCD314DDB}.Release|Any CPU.ActiveCfg = Release|Any CPU
		{7C615F1A-32A0-4E2F-B12D-76AFCD314DDB}.Release|Any CPU.Build.0 = Release|Any CPU
		{08CE76A0-1DA9-4781-A1E8-460E8292DE81}.Debug|Any CPU.ActiveCfg = Debug|Any CPU
		{08CE76A0-1DA9-4781-A1E8-460E8292DE81}.Debug|Any CPU.Build.0 = Debug|Any CPU
		{08CE76A0-1DA9-4781-A1E8-460E8292DE81}.Release|Any CPU.ActiveCfg = Release|Any CPU
		{08CE76A0-1DA9-4781-A1E8-460E8292DE81}.Release|Any CPU.Build.0 = Release|Any CPU
		{44D833F8-5A71-4E3C-8CCD-0C78A813A424}.Debug|Any CPU.ActiveCfg = Debug|Any CPU
		{44D833F8-5A71-4E3C-8CCD-0C78A813A424}.Debug|Any CPU.Build.0 = Debug|Any CPU
		{44D833F8-5A71-4E3C-8CCD-0C78A813A424}.Release|Any CPU.ActiveCfg = Release|Any CPU
		{44D833F8-5A71-4E3C-8CCD-0C78A813A424}.Release|Any CPU.Build.0 = Release|Any CPU
		{87432534-18B3-4A73-AE1B-F712050BAA0B}.Debug|Any CPU.ActiveCfg = Debug|Any CPU
		{87432534-18B3-4A73-AE1B-F712050BAA0B}.Debug|Any CPU.Build.0 = Debug|Any CPU
		{87432534-18B3-4A73-AE1B-F712050BAA0B}.Release|Any CPU.ActiveCfg = Release|Any CPU
		{87432534-18B3-4A73-AE1B-F712050BAA0B}.Release|Any CPU.Build.0 = Release|Any CPU
		{D47A1299-04A3-43F4-848C-649E791DA489}.Debug|Any CPU.ActiveCfg = Debug|Any CPU
		{D47A1299-04A3-43F4-848C-649E791DA489}.Debug|Any CPU.Build.0 = Debug|Any CPU
		{D47A1299-04A3-43F4-848C-649E791DA489}.Release|Any CPU.ActiveCfg = Release|Any CPU
		{D47A1299-04A3-43F4-848C-649E791DA489}.Release|Any CPU.Build.0 = Release|Any CPU
		{C3F1B6BF-683D-4612-85E0-55B9F787E19E}.Debug|Any CPU.ActiveCfg = Debug|Any CPU
		{C3F1B6BF-683D-4612-85E0-55B9F787E19E}.Debug|Any CPU.Build.0 = Debug|Any CPU
		{C3F1B6BF-683D-4612-85E0-55B9F787E19E}.Release|Any CPU.ActiveCfg = Release|Any CPU
		{C3F1B6BF-683D-4612-85E0-55B9F787E19E}.Release|Any CPU.Build.0 = Release|Any CPU
		{4822DB2D-6946-4A96-8A04-8DE43128E5D5}.Debug|Any CPU.ActiveCfg = Debug|Any CPU
		{4822DB2D-6946-4A96-8A04-8DE43128E5D5}.Debug|Any CPU.Build.0 = Debug|Any CPU
		{4822DB2D-6946-4A96-8A04-8DE43128E5D5}.Release|Any CPU.ActiveCfg = Release|Any CPU
		{4822DB2D-6946-4A96-8A04-8DE43128E5D5}.Release|Any CPU.Build.0 = Release|Any CPU
		{50395D21-E2CE-42B3-A63A-572A51657FEE}.Debug|Any CPU.ActiveCfg = Debug|Any CPU
		{50395D21-E2CE-42B3-A63A-572A51657FEE}.Debug|Any CPU.Build.0 = Debug|Any CPU
		{50395D21-E2CE-42B3-A63A-572A51657FEE}.Release|Any CPU.ActiveCfg = Release|Any CPU
		{50395D21-E2CE-42B3-A63A-572A51657FEE}.Release|Any CPU.Build.0 = Release|Any CPU
	EndGlobalSection
	GlobalSection(SolutionProperties) = preSolution
		HideSolutionNode = FALSE
	EndGlobalSection
	GlobalSection(ExtensibilityGlobals) = postSolution
		SolutionGuid = {BECFA8EB-9833-428D-9347-D293E1AADCE6}
	EndGlobalSection
EndGlobal
